
Microsoft Visual Studio Solution File, Format Version 12.00
# Visual Studio Version 16
VisualStudioVersion = 16.0.31129.286
MinimumVisualStudioVersion = 10.0.40219.1
Project("{FAE04EC0-301F-11D3-BF4B-00C04F79EFBC}") = "NetCoreMVCRMQWebsoketsExample", "NetCoreMVCRMQWebsoketsExample\NetCoreMVCRMQWebsoketsExample.csproj", "{C6A4FA11-CFCE-494D-A8AB-BFE03F3497FC}"
EndProject
Global
	GlobalSection(SolutionConfigurationPlatforms) = preSolution
		Debug|Any CPU = Debug|Any CPU
		Release|Any CPU = Release|Any CPU
	EndGlobalSection
	GlobalSection(ProjectConfigurationPlatforms) = postSolution
		{C6A4FA11-CFCE-494D-A8AB-BFE03F3497FC}.Debug|Any CPU.ActiveCfg = Debug|Any CPU
		{C6A4FA11-CFCE-494D-A8AB-BFE03F3497FC}.Debug|Any CPU.Build.0 = Debug|Any CPU
		{C6A4FA11-CFCE-494D-A8AB-BFE03F3497FC}.Release|Any CPU.ActiveCfg = Release|Any CPU
		{C6A4FA11-CFCE-494D-A8AB-BFE03F3497FC}.Release|Any CPU.Build.0 = Release|Any CPU
	EndGlobalSection
	GlobalSection(SolutionProperties) = preSolution
		HideSolutionNode = FALSE
	EndGlobalSection
	GlobalSection(ExtensibilityGlobals) = postSolution
		SolutionGuid = {5F95C280-2BFE-4FF7-851B-3755B6959E56}
	EndGlobalSection
EndGlobal
